
Microsoft Visual Studio Solution File, Format Version 12.00
# Visual Studio Version 17
VisualStudioVersion = 17.4.33205.214
MinimumVisualStudioVersion = 10.0.40219.1
Project("{FAE04EC0-301F-11D3-BF4B-00C04F79EFBC}") = "WL Zoom", "WL Zoom\WL Zoom.csproj", "{988B740C-C148-4AE7-B3D7-398D0B00E3C8}"
EndProject
Global
	GlobalSection(SolutionConfigurationPlatforms) = preSolution
		Debug|Any CPU = Debug|Any CPU
		Release|Any CPU = Release|Any CPU
	EndGlobalSection
	GlobalSection(ProjectConfigurationPlatforms) = postSolution
		{988B740C-C148-4AE7-B3D7-398D0B00E3C8}.Debug|Any CPU.ActiveCfg = Debug|Any CPU
		{988B740C-C148-4AE7-B3D7-398D0B00E3C8}.Debug|Any CPU.Build.0 = Debug|Any CPU
		{988B740C-C148-4AE7-B3D7-398D0B00E3C8}.Release|Any CPU.ActiveCfg = Release|Any CPU
		{988B740C-C148-4AE7-B3D7-398D0B00E3C8}.Release|Any CPU.Build.0 = Release|Any CPU
	EndGlobalSection
	GlobalSection(SolutionProperties) = preSolution
		HideSolutionNode = FALSE
	EndGlobalSection
	GlobalSection(ExtensibilityGlobals) = postSolution
		SolutionGuid = {4ABC80E1-7B44-49C0-861E-E56B8C1F9700}
	EndGlobalSection
EndGlobal
